// !$*UTF8*$!
{
	archiveVersion = 1;
	classes = {
	};
	objectVersion = 46;
	objects = {

/* Begin PBXBuildFile section */
		801040B51C5A843D00D26E19 /* BridgeAppSDK.h in Headers */ = {isa = PBXBuildFile; fileRef = 801040B41C5A843D00D26E19 /* BridgeAppSDK.h */; settings = {ATTRIBUTES = (Public, ); }; };
		801040BC1C5A843D00D26E19 /* BridgeAppSDK.framework in Frameworks */ = {isa = PBXBuildFile; fileRef = 801040B21C5A843D00D26E19 /* BridgeAppSDK.framework */; };
		801040C71C5A843D00D26E19 /* BridgeAppSDK.framework in Frameworks */ = {isa = PBXBuildFile; fileRef = 801040B21C5A843D00D26E19 /* BridgeAppSDK.framework */; };
		801040C81C5A843D00D26E19 /* BridgeAppSDK.framework in Embed Frameworks */ = {isa = PBXBuildFile; fileRef = 801040B21C5A843D00D26E19 /* BridgeAppSDK.framework */; settings = {ATTRIBUTES = (CodeSignOnCopy, RemoveHeadersOnCopy, ); }; };
		801040D01C5ACDF800D26E19 /* ResearchContainerViewController.swift in Sources */ = {isa = PBXBuildFile; fileRef = 86CCDFF51C1B50970042AA39 /* ResearchContainerViewController.swift */; };
		801040D11C5ACDF800D26E19 /* ResearchContainerSegue.swift in Sources */ = {isa = PBXBuildFile; fileRef = B5C2073E1BEC16F00051D9D8 /* ResearchContainerSegue.swift */; };
		801040D21C5ACDF800D26E19 /* OnboardingViewController.swift in Sources */ = {isa = PBXBuildFile; fileRef = 161479C51BD6CE8F0099A068 /* OnboardingViewController.swift */; };
		801040D31C5ACDF800D26E19 /* IntroductionViewController.swift in Sources */ = {isa = PBXBuildFile; fileRef = 165A7E6D1BD9AEF800B6D223 /* IntroductionViewController.swift */; };
		801040D41C5ACDF800D26E19 /* DashboardTableViewController.swift in Sources */ = {isa = PBXBuildFile; fileRef = B5C366B31BE7ADBA0036112D /* DashboardTableViewController.swift */; };
		801040D51C5ACDF800D26E19 /* PieChartDataSource.swift in Sources */ = {isa = PBXBuildFile; fileRef = B5D117571BE8D12000D7F153 /* PieChartDataSource.swift */; };
		801040D61C5ACDF800D26E19 /* DiscreteGraphDataSource.swift in Sources */ = {isa = PBXBuildFile; fileRef = B5D1175B1BE8D15400D7F153 /* DiscreteGraphDataSource.swift */; };
		801040D71C5ACDF800D26E19 /* LineGraphDataSource.swift in Sources */ = {isa = PBXBuildFile; fileRef = B5D1175D1BE8D17E00D7F153 /* LineGraphDataSource.swift */; };
		801040D81C5ACDF800D26E19 /* ActivityViewController.swift in Sources */ = {isa = PBXBuildFile; fileRef = 16147A0E1BD83F700099A068 /* ActivityViewController.swift */; };
		801040D91C5ACDF800D26E19 /* StudyTasks.swift in Sources */ = {isa = PBXBuildFile; fileRef = 165A7E651BD99DBA00B6D223 /* StudyTasks.swift */; };
		801040DA1C5ACDF800D26E19 /* ProfileViewController.swift in Sources */ = {isa = PBXBuildFile; fileRef = 16BF5B681BE2974A007C79C6 /* ProfileViewController.swift */; };
		801040DB1C5ACDF800D26E19 /* ProfileStaticTableViewCell.swift in Sources */ = {isa = PBXBuildFile; fileRef = 16BF5B701BE2C989007C79C6 /* ProfileStaticTableViewCell.swift */; };
		801040DC1C5ACDF800D26E19 /* ProfileHeaderView.swift in Sources */ = {isa = PBXBuildFile; fileRef = B5D35FC61BEA363F004CBB06 /* ProfileHeaderView.swift */; };
		801040DD1C5ACDF800D26E19 /* WithdrawViewController.swift in Sources */ = {isa = PBXBuildFile; fileRef = B5C207411BECBA8B0051D9D8 /* WithdrawViewController.swift */; };
		801040DE1C5ACDF800D26E19 /* HealthDataStep.swift in Sources */ = {isa = PBXBuildFile; fileRef = B5FA92E81BF13D98001E46C0 /* HealthDataStep.swift */; };
		801040DF1C5ACDF800D26E19 /* HealthDataStepViewController.swift in Sources */ = {isa = PBXBuildFile; fileRef = 168F25711BE052AD001D2D65 /* HealthDataStepViewController.swift */; };
		801040E01C5ACDF800D26E19 /* ConsentDocument.swift in Sources */ = {isa = PBXBuildFile; fileRef = B5C207551BECED750051D9D8 /* ConsentDocument.swift */; };
		801040E11C5ACDF800D26E19 /* HealthClientType.swift in Sources */ = {isa = PBXBuildFile; fileRef = 16BF5B6E1BE2BE77007C79C6 /* HealthClientType.swift */; };
		801040E21C5ACDF800D26E19 /* AnimatableChart.swift in Sources */ = {isa = PBXBuildFile; fileRef = B5C2074F1BECCB1A0051D9D8 /* AnimatableChart.swift */; };
		801040E81C5AD18100D26E19 /* Info.plist in Resources */ = {isa = PBXBuildFile; fileRef = 801040E61C5AD18100D26E19 /* Info.plist */; };
		801040F01C5AD29300D26E19 /* LaunchScreen.storyboard in Resources */ = {isa = PBXBuildFile; fileRef = 801040EC1C5AD29300D26E19 /* LaunchScreen.storyboard */; };
		801040F11C5AD29300D26E19 /* Main.storyboard in Resources */ = {isa = PBXBuildFile; fileRef = 801040EE1C5AD29300D26E19 /* Main.storyboard */; };
		801040F31C5AD2D700D26E19 /* Assets.xcassets in Resources */ = {isa = PBXBuildFile; fileRef = 801040F21C5AD2D700D26E19 /* Assets.xcassets */; };
		809D4E171C7E88A900EC9EC6 /* ResearchKit.framework in Frameworks */ = {isa = PBXBuildFile; fileRef = 809D4E101C7E886900EC9EC6 /* ResearchKit.framework */; };
		809D4E181C7E88A900EC9EC6 /* ResearchKit.framework in Embed Frameworks */ = {isa = PBXBuildFile; fileRef = 809D4E101C7E886900EC9EC6 /* ResearchKit.framework */; settings = {ATTRIBUTES = (CodeSignOnCopy, RemoveHeadersOnCopy, ); }; };
		809D4E1B1C7E88AC00EC9EC6 /* BridgeSDK.framework in Frameworks */ = {isa = PBXBuildFile; fileRef = 809D4E021C7E885300EC9EC6 /* BridgeSDK.framework */; };
		809D4E1C1C7E88AC00EC9EC6 /* BridgeSDK.framework in Embed Frameworks */ = {isa = PBXBuildFile; fileRef = 809D4E021C7E885300EC9EC6 /* BridgeSDK.framework */; settings = {ATTRIBUTES = (CodeSignOnCopy, RemoveHeadersOnCopy, ); }; };
		809D4E1F1C7E89E300EC9EC6 /* ResearchKit.framework in Frameworks */ = {isa = PBXBuildFile; fileRef = 809D4E101C7E886900EC9EC6 /* ResearchKit.framework */; };
		80E5A18D1C5ADC7600E0DFE9 /* BridgeAppSDKSample.entitlements in Resources */ = {isa = PBXBuildFile; fileRef = 80E5A18C1C5ADC7600E0DFE9 /* BridgeAppSDKSample.entitlements */; };
		80E5A1901C5ADF1300E0DFE9 /* AppDelegate.swift in Sources */ = {isa = PBXBuildFile; fileRef = 80E5A18F1C5ADF1300E0DFE9 /* AppDelegate.swift */; };
		FB0C9EF31CAA52F700BA5B44 /* NSDate+Utilities.swift in Sources */ = {isa = PBXBuildFile; fileRef = FB0C9EF21CAA52F700BA5B44 /* NSDate+Utilities.swift */; };
		FB14FFDE1C766DF100E0D5AF /* SBAConsentSection.swift in Sources */ = {isa = PBXBuildFile; fileRef = FB14FFDD1C766DF100E0D5AF /* SBAConsentSection.swift */; };
		FB14FFE41C76852500E0D5AF /* SBABridgeAppSDKDelegate.h in Headers */ = {isa = PBXBuildFile; fileRef = FB14FFE31C76852500E0D5AF /* SBABridgeAppSDKDelegate.h */; settings = {ATTRIBUTES = (Public, ); }; };
		FB14FFE71C7686EB00E0D5AF /* SBAResourceFinder.swift in Sources */ = {isa = PBXBuildFile; fileRef = FB14FFE61C7686EB00E0D5AF /* SBAResourceFinder.swift */; };
		FB14FFE91C769F9E00E0D5AF /* SBAConsentSharingOptions.swift in Sources */ = {isa = PBXBuildFile; fileRef = FB14FFE81C769F9E00E0D5AF /* SBAConsentSharingOptions.swift */; };
		FB68173A1C6B0307006C8FC9 /* SBANavigableOrderedTask.swift in Sources */ = {isa = PBXBuildFile; fileRef = FB6817391C6B0307006C8FC9 /* SBANavigableOrderedTask.swift */; };
		FB6BA0951C7CDA6000C9903F /* SBADirectNavigationStep.swift in Sources */ = {isa = PBXBuildFile; fileRef = FB6BA0941C7CDA6000C9903F /* SBADirectNavigationStep.swift */; };
		FB6BA0971C7CDB2600C9903F /* SBASubtaskStep.swift in Sources */ = {isa = PBXBuildFile; fileRef = FB6BA0961C7CDB2600C9903F /* SBASubtaskStep.swift */; };
		FB8439131C6E9C2A0086E961 /* SBASurveyNavigationTests.swift in Sources */ = {isa = PBXBuildFile; fileRef = FB8439121C6E9C2A0086E961 /* SBASurveyNavigationTests.swift */; };
		FB8439191C727BEB0086E961 /* SBASurveyFactory.swift in Sources */ = {isa = PBXBuildFile; fileRef = FB8439181C727BEB0086E961 /* SBASurveyFactory.swift */; };
		FB8439201C7315030086E961 /* SBASurveyFactoryTests.swift in Sources */ = {isa = PBXBuildFile; fileRef = FB84391F1C7315030086E961 /* SBASurveyFactoryTests.swift */; };
		FB84392D1C7518FE0086E961 /* SBATextChoice.swift in Sources */ = {isa = PBXBuildFile; fileRef = FB84392C1C7518FE0086E961 /* SBATextChoice.swift */; };
		FB84392F1C7519340086E961 /* SBASurveyItem.swift in Sources */ = {isa = PBXBuildFile; fileRef = FB84392E1C7519340086E961 /* SBASurveyItem.swift */; };
		FBAE3CF31C8615DF003CEC4A /* SBAPDFPrintPageRenderer.h in Headers */ = {isa = PBXBuildFile; fileRef = FBAE3CF11C8615DF003CEC4A /* SBAPDFPrintPageRenderer.h */; settings = {ATTRIBUTES = (Public, ); }; };
		FBAE3CF41C8615DF003CEC4A /* SBAPDFPrintPageRenderer.m in Sources */ = {isa = PBXBuildFile; fileRef = FBAE3CF21C8615DF003CEC4A /* SBAPDFPrintPageRenderer.m */; };
		FBC45E6D1C7531E3007AA424 /* SBAConsentDocumentFactory.swift in Sources */ = {isa = PBXBuildFile; fileRef = FBC45E6C1C7531E3007AA424 /* SBAConsentDocumentFactory.swift */; };
		FBC45E7A1C759040007AA424 /* Localization.swift in Sources */ = {isa = PBXBuildFile; fileRef = FBC45E791C759040007AA424 /* Localization.swift */; };
		FBE551591C6D204B00C9E1AA /* SBANavigableOrderedTaskTests.m in Sources */ = {isa = PBXBuildFile; fileRef = FBE551581C6D204B00C9E1AA /* SBANavigableOrderedTaskTests.m */; };
		FBE5515D1C6D267100C9E1AA /* MockORKTask.m in Sources */ = {isa = PBXBuildFile; fileRef = FBE5515C1C6D267100C9E1AA /* MockORKTask.m */; };
		FBE551691C6D9CBC00C9E1AA /* SBASurveyNavigationStep.swift in Sources */ = {isa = PBXBuildFile; fileRef = FBE551681C6D9CBC00C9E1AA /* SBASurveyNavigationStep.swift */; };
		FBF1B6B31CAAF6FC007C1082 /* UIAlertController+Utilities.swift in Sources */ = {isa = PBXBuildFile; fileRef = FBF1B6B21CAAF6FC007C1082 /* UIAlertController+Utilities.swift */; };
		FBF1B6C61CAB0273007C1082 /* SBALocalizationMacroWrapper.h in Headers */ = {isa = PBXBuildFile; fileRef = FBF1B6C41CAB0273007C1082 /* SBALocalizationMacroWrapper.h */; settings = {ATTRIBUTES = (Public, ); }; };
		FBF1B6C71CAB0273007C1082 /* SBALocalizationMacroWrapper.m in Sources */ = {isa = PBXBuildFile; fileRef = FBF1B6C51CAB0273007C1082 /* SBALocalizationMacroWrapper.m */; };
		FF08E0C01C9A6A120082D530 /* SBASurveyItem+Dictionary.swift in Sources */ = {isa = PBXBuildFile; fileRef = FF08E0BF1C9A6A120082D530 /* SBASurveyItem+Dictionary.swift */; };
		FF1F8D351CA9B9650098FAC5 /* SBAUserWrapper.swift in Sources */ = {isa = PBXBuildFile; fileRef = FF1F8D341CA9B9650098FAC5 /* SBAUserWrapper.swift */; };
		FF1F8D401CA9D1BF0098FAC5 /* SBAConsentSignature.swift in Sources */ = {isa = PBXBuildFile; fileRef = FF1F8D3F1CA9D1BF0098FAC5 /* SBAConsentSignature.swift */; };
		FF45F8131CA5B57200EE0562 /* SBARootViewControllerProtocol.h in Headers */ = {isa = PBXBuildFile; fileRef = FF45F8121CA5B57200EE0562 /* SBARootViewControllerProtocol.h */; settings = {ATTRIBUTES = (Public, ); }; };
		FF45F84B1CA5D61900EE0562 /* SBAUserBridgeManager.h in Headers */ = {isa = PBXBuildFile; fileRef = FF45F8491CA5D61900EE0562 /* SBAUserBridgeManager.h */; settings = {ATTRIBUTES = (Public, ); }; };
		FF45F84C1CA5D61900EE0562 /* SBAUserBridgeManager.m in Sources */ = {isa = PBXBuildFile; fileRef = FF45F84A1CA5D61900EE0562 /* SBAUserBridgeManager.m */; };
		FF45F84E1CA5DBEF00EE0562 /* SBAUserWrapper+Bridge.swift in Sources */ = {isa = PBXBuildFile; fileRef = FF45F84D1CA5DBEF00EE0562 /* SBAUserWrapper+Bridge.swift */; };
		FF7D6EBA1C98B43900A0466D /* BridgeSDK.framework in Frameworks */ = {isa = PBXBuildFile; fileRef = 809D4E021C7E885300EC9EC6 /* BridgeSDK.framework */; };
		FF9634C71C9A0A6600D07595 /* SBASurveyItem+Bridge.swift in Sources */ = {isa = PBXBuildFile; fileRef = FF9634C61C9A0A6600D07595 /* SBASurveyItem+Bridge.swift */; };
		FF9D4C3F1CA1FC28001C293C /* SBAAppDelegate.swift in Sources */ = {isa = PBXBuildFile; fileRef = FF9D4C3E1CA1FC28001C293C /* SBAAppDelegate.swift */; };
		FF9D4C4C1CA20EAF001C293C /* HKHealthStore+Queries.swift in Sources */ = {isa = PBXBuildFile; fileRef = FF9D4C4B1CA20EAF001C293C /* HKHealthStore+Queries.swift */; };
		FF9D4C5B1CA217A7001C293C /* SBABridgeInfo.swift in Sources */ = {isa = PBXBuildFile; fileRef = FF9D4C5A1CA217A7001C293C /* SBABridgeInfo.swift */; };
		FF9D4C911CA32536001C293C /* SBAUser.swift in Sources */ = {isa = PBXBuildFile; fileRef = FF9D4C901CA32536001C293C /* SBAUser.swift */; };
/* End PBXBuildFile section */

/* Begin PBXContainerItemProxy section */
		801040BD1C5A843D00D26E19 /* PBXContainerItemProxy */ = {
			isa = PBXContainerItemProxy;
			containerPortal = 161479B81BD6CE8F0099A068 /* Project object */;
			proxyType = 1;
			remoteGlobalIDString = 801040B11C5A843D00D26E19;
			remoteInfo = BridgeAppSDK;
		};
		801040BF1C5A843D00D26E19 /* PBXContainerItemProxy */ = {
			isa = PBXContainerItemProxy;
			containerPortal = 161479B81BD6CE8F0099A068 /* Project object */;
			proxyType = 1;
			remoteGlobalIDString = 161479BF1BD6CE8F0099A068;
			remoteInfo = BridgeAppSDKSample;
		};
		801040C51C5A843D00D26E19 /* PBXContainerItemProxy */ = {
			isa = PBXContainerItemProxy;
			containerPortal = 161479B81BD6CE8F0099A068 /* Project object */;
			proxyType = 1;
			remoteGlobalIDString = 801040B11C5A843D00D26E19;
			remoteInfo = BridgeAppSDK;
		};
		809D4E011C7E885300EC9EC6 /* PBXContainerItemProxy */ = {
			isa = PBXContainerItemProxy;
			containerPortal = 809D4DF61C7E885300EC9EC6 /* BridgeSDK.xcodeproj */;
			proxyType = 2;
			remoteGlobalIDString = 80855F5019BE258C006601C7;
			remoteInfo = BridgeSDK;
		};
		809D4E031C7E885300EC9EC6 /* PBXContainerItemProxy */ = {
			isa = PBXContainerItemProxy;
			containerPortal = 809D4DF61C7E885300EC9EC6 /* BridgeSDK.xcodeproj */;
			proxyType = 2;
			remoteGlobalIDString = 80855F5B19BE258C006601C7;
			remoteInfo = BridgeSDKTests;
		};
		809D4E051C7E885300EC9EC6 /* PBXContainerItemProxy */ = {
			isa = PBXContainerItemProxy;
			containerPortal = 809D4DF61C7E885300EC9EC6 /* BridgeSDK.xcodeproj */;
			proxyType = 2;
			remoteGlobalIDString = 807AE2871B603309002588BB;
			remoteInfo = BridgeSDKIntegration;
		};
		809D4E071C7E885300EC9EC6 /* PBXContainerItemProxy */ = {
			isa = PBXContainerItemProxy;
			containerPortal = 809D4DF61C7E885300EC9EC6 /* BridgeSDK.xcodeproj */;
			proxyType = 2;
			remoteGlobalIDString = 807AE29F1B60330C002588BB;
			remoteInfo = BridgeSDKIntegrationTests;
		};
		809D4E0F1C7E886900EC9EC6 /* PBXContainerItemProxy */ = {
			isa = PBXContainerItemProxy;
			containerPortal = 809D4E091C7E886900EC9EC6 /* ResearchKit.xcodeproj */;
			proxyType = 2;
			remoteGlobalIDString = B183A5951A8535D100C76870;
			remoteInfo = ResearchKit;
		};
		809D4E111C7E886900EC9EC6 /* PBXContainerItemProxy */ = {
			isa = PBXContainerItemProxy;
			containerPortal = 809D4E091C7E886900EC9EC6 /* ResearchKit.xcodeproj */;
			proxyType = 2;
			remoteGlobalIDString = 86CC8E9A1AC09332001CCD89;
			remoteInfo = ResearchKitTests;
		};
		809D4E131C7E888900EC9EC6 /* PBXContainerItemProxy */ = {
			isa = PBXContainerItemProxy;
			containerPortal = 809D4E091C7E886900EC9EC6 /* ResearchKit.xcodeproj */;
			proxyType = 1;
			remoteGlobalIDString = B183A4731A8535D100C76870;
			remoteInfo = ResearchKit;
		};
		809D4E151C7E888900EC9EC6 /* PBXContainerItemProxy */ = {
			isa = PBXContainerItemProxy;
			containerPortal = 809D4DF61C7E885300EC9EC6 /* BridgeSDK.xcodeproj */;
			proxyType = 1;
			remoteGlobalIDString = 80855F4F19BE258C006601C7;
			remoteInfo = BridgeSDK;
		};
		809D4E191C7E88AA00EC9EC6 /* PBXContainerItemProxy */ = {
			isa = PBXContainerItemProxy;
			containerPortal = 809D4E091C7E886900EC9EC6 /* ResearchKit.xcodeproj */;
			proxyType = 1;
			remoteGlobalIDString = B183A4731A8535D100C76870;
			remoteInfo = ResearchKit;
		};
		809D4E1D1C7E88AE00EC9EC6 /* PBXContainerItemProxy */ = {
			isa = PBXContainerItemProxy;
			containerPortal = 809D4DF61C7E885300EC9EC6 /* BridgeSDK.xcodeproj */;
			proxyType = 1;
			remoteGlobalIDString = 80855F4F19BE258C006601C7;
			remoteInfo = BridgeSDK;
		};
		809D4E201C7E89F200EC9EC6 /* PBXContainerItemProxy */ = {
			isa = PBXContainerItemProxy;
			containerPortal = 809D4E091C7E886900EC9EC6 /* ResearchKit.xcodeproj */;
			proxyType = 1;
			remoteGlobalIDString = B183A4731A8535D100C76870;
			remoteInfo = ResearchKit;
		};
/* End PBXContainerItemProxy section */

/* Begin PBXCopyFilesBuildPhase section */
		161479E41BD6E8360099A068 /* Embed Frameworks */ = {
			isa = PBXCopyFilesBuildPhase;
			buildActionMask = 2147483647;
			dstPath = "";
			dstSubfolderSpec = 10;
			files = (
				809D4E181C7E88A900EC9EC6 /* ResearchKit.framework in Embed Frameworks */,
				801040C81C5A843D00D26E19 /* BridgeAppSDK.framework in Embed Frameworks */,
				809D4E1C1C7E88AC00EC9EC6 /* BridgeSDK.framework in Embed Frameworks */,
			);
			name = "Embed Frameworks";
			runOnlyForDeploymentPostprocessing = 0;
		};
/* End PBXCopyFilesBuildPhase section */

/* Begin PBXFileReference section */
		161479C01BD6CE8F0099A068 /* BridgeAppSDKSample.app */ = {isa = PBXFileReference; explicitFileType = wrapper.application; includeInIndex = 0; path = BridgeAppSDKSample.app; sourceTree = BUILT_PRODUCTS_DIR; };
		161479C51BD6CE8F0099A068 /* OnboardingViewController.swift */ = {isa = PBXFileReference; lastKnownFileType = sourcecode.swift; path = OnboardingViewController.swift; sourceTree = "<group>"; };
		161479CF1BD6CE8F0099A068 /* Info.plist */ = {isa = PBXFileReference; lastKnownFileType = text.plist.xml; path = Info.plist; sourceTree = "<group>"; };
		16147A0E1BD83F700099A068 /* ActivityViewController.swift */ = {isa = PBXFileReference; fileEncoding = 4; lastKnownFileType = sourcecode.swift; path = ActivityViewController.swift; sourceTree = "<group>"; };
		165A7E651BD99DBA00B6D223 /* StudyTasks.swift */ = {isa = PBXFileReference; fileEncoding = 4; lastKnownFileType = sourcecode.swift; path = StudyTasks.swift; sourceTree = "<group>"; };
		165A7E6D1BD9AEF800B6D223 /* IntroductionViewController.swift */ = {isa = PBXFileReference; fileEncoding = 4; lastKnownFileType = sourcecode.swift; path = IntroductionViewController.swift; sourceTree = "<group>"; };
		168F25711BE052AD001D2D65 /* HealthDataStepViewController.swift */ = {isa = PBXFileReference; fileEncoding = 4; lastKnownFileType = sourcecode.swift; path = HealthDataStepViewController.swift; sourceTree = "<group>"; };
		16BF5B681BE2974A007C79C6 /* ProfileViewController.swift */ = {isa = PBXFileReference; fileEncoding = 4; lastKnownFileType = sourcecode.swift; name = ProfileViewController.swift; path = ../BridgeAppSDKSample/ProfileViewController.swift; sourceTree = "<group>"; };
		16BF5B6E1BE2BE77007C79C6 /* HealthClientType.swift */ = {isa = PBXFileReference; fileEncoding = 4; lastKnownFileType = sourcecode.swift; path = HealthClientType.swift; sourceTree = "<group>"; };
		16BF5B701BE2C989007C79C6 /* ProfileStaticTableViewCell.swift */ = {isa = PBXFileReference; fileEncoding = 4; lastKnownFileType = sourcecode.swift; path = ProfileStaticTableViewCell.swift; sourceTree = "<group>"; };
		801040B21C5A843D00D26E19 /* BridgeAppSDK.framework */ = {isa = PBXFileReference; explicitFileType = wrapper.framework; includeInIndex = 0; path = BridgeAppSDK.framework; sourceTree = BUILT_PRODUCTS_DIR; };
		801040B41C5A843D00D26E19 /* BridgeAppSDK.h */ = {isa = PBXFileReference; lastKnownFileType = sourcecode.c.h; path = BridgeAppSDK.h; sourceTree = "<group>"; };
		801040BB1C5A843D00D26E19 /* BridgeAppSDKTests.xctest */ = {isa = PBXFileReference; explicitFileType = wrapper.cfbundle; includeInIndex = 0; path = BridgeAppSDKTests.xctest; sourceTree = BUILT_PRODUCTS_DIR; };
		801040C41C5A843D00D26E19 /* Info.plist */ = {isa = PBXFileReference; lastKnownFileType = text.plist.xml; path = Info.plist; sourceTree = "<group>"; };
		801040E61C5AD18100D26E19 /* Info.plist */ = {isa = PBXFileReference; fileEncoding = 4; lastKnownFileType = text.plist.xml; path = Info.plist; sourceTree = "<group>"; };
		801040ED1C5AD29300D26E19 /* Base */ = {isa = PBXFileReference; lastKnownFileType = file.storyboard; name = Base; path = Base.lproj/LaunchScreen.storyboard; sourceTree = "<group>"; };
		801040EF1C5AD29300D26E19 /* Base */ = {isa = PBXFileReference; lastKnownFileType = file.storyboard; name = Base; path = Base.lproj/Main.storyboard; sourceTree = "<group>"; };
		801040F21C5AD2D700D26E19 /* Assets.xcassets */ = {isa = PBXFileReference; lastKnownFileType = folder.assetcatalog; path = Assets.xcassets; sourceTree = "<group>"; };
		809D4DF61C7E885300EC9EC6 /* BridgeSDK.xcodeproj */ = {isa = PBXFileReference; lastKnownFileType = "wrapper.pb-project"; name = BridgeSDK.xcodeproj; path = ../../BridgeSDK/BridgeSDK.xcodeproj; sourceTree = "<group>"; };
		809D4E091C7E886900EC9EC6 /* ResearchKit.xcodeproj */ = {isa = PBXFileReference; lastKnownFileType = "wrapper.pb-project"; name = ResearchKit.xcodeproj; path = ../../ResearchKit/ResearchKit.xcodeproj; sourceTree = "<group>"; };
		80E5A18C1C5ADC7600E0DFE9 /* BridgeAppSDKSample.entitlements */ = {isa = PBXFileReference; fileEncoding = 4; lastKnownFileType = text.xml; path = BridgeAppSDKSample.entitlements; sourceTree = "<group>"; };
		80E5A18E1C5ADF1100E0DFE9 /* BridgeAppSDKSample-Bridging-Header.h */ = {isa = PBXFileReference; lastKnownFileType = sourcecode.c.h; path = "BridgeAppSDKSample-Bridging-Header.h"; sourceTree = "<group>"; };
		80E5A18F1C5ADF1300E0DFE9 /* AppDelegate.swift */ = {isa = PBXFileReference; fileEncoding = 4; lastKnownFileType = sourcecode.swift; path = AppDelegate.swift; sourceTree = "<group>"; };
		86CCDFF51C1B50970042AA39 /* ResearchContainerViewController.swift */ = {isa = PBXFileReference; fileEncoding = 4; lastKnownFileType = sourcecode.swift; path = ResearchContainerViewController.swift; sourceTree = "<group>"; };
		B5C2073E1BEC16F00051D9D8 /* ResearchContainerSegue.swift */ = {isa = PBXFileReference; fileEncoding = 4; lastKnownFileType = sourcecode.swift; path = ResearchContainerSegue.swift; sourceTree = "<group>"; };
		B5C207411BECBA8B0051D9D8 /* WithdrawViewController.swift */ = {isa = PBXFileReference; fileEncoding = 4; lastKnownFileType = sourcecode.swift; path = WithdrawViewController.swift; sourceTree = "<group>"; };
		B5C2074F1BECCB1A0051D9D8 /* AnimatableChart.swift */ = {isa = PBXFileReference; fileEncoding = 4; lastKnownFileType = sourcecode.swift; path = AnimatableChart.swift; sourceTree = "<group>"; };
		B5C207551BECED750051D9D8 /* ConsentDocument.swift */ = {isa = PBXFileReference; fileEncoding = 4; lastKnownFileType = sourcecode.swift; path = ConsentDocument.swift; sourceTree = "<group>"; };
		B5C366B31BE7ADBA0036112D /* DashboardTableViewController.swift */ = {isa = PBXFileReference; fileEncoding = 4; lastKnownFileType = sourcecode.swift; path = DashboardTableViewController.swift; sourceTree = "<group>"; };
		B5D117571BE8D12000D7F153 /* PieChartDataSource.swift */ = {isa = PBXFileReference; fileEncoding = 4; lastKnownFileType = sourcecode.swift; path = PieChartDataSource.swift; sourceTree = "<group>"; };
		B5D1175B1BE8D15400D7F153 /* DiscreteGraphDataSource.swift */ = {isa = PBXFileReference; fileEncoding = 4; lastKnownFileType = sourcecode.swift; path = DiscreteGraphDataSource.swift; sourceTree = "<group>"; };
		B5D1175D1BE8D17E00D7F153 /* LineGraphDataSource.swift */ = {isa = PBXFileReference; fileEncoding = 4; lastKnownFileType = sourcecode.swift; path = LineGraphDataSource.swift; sourceTree = "<group>"; };
		B5D35FC61BEA363F004CBB06 /* ProfileHeaderView.swift */ = {isa = PBXFileReference; fileEncoding = 4; lastKnownFileType = sourcecode.swift; path = ProfileHeaderView.swift; sourceTree = "<group>"; };
		B5FA92E81BF13D98001E46C0 /* HealthDataStep.swift */ = {isa = PBXFileReference; fileEncoding = 4; lastKnownFileType = sourcecode.swift; path = HealthDataStep.swift; sourceTree = "<group>"; };
		FB0C9EF21CAA52F700BA5B44 /* NSDate+Utilities.swift */ = {isa = PBXFileReference; fileEncoding = 4; lastKnownFileType = sourcecode.swift; path = "NSDate+Utilities.swift"; sourceTree = "<group>"; };
		FB14FFDD1C766DF100E0D5AF /* SBAConsentSection.swift */ = {isa = PBXFileReference; fileEncoding = 4; lastKnownFileType = sourcecode.swift; path = SBAConsentSection.swift; sourceTree = "<group>"; };
		FB14FFE31C76852500E0D5AF /* SBABridgeAppSDKDelegate.h */ = {isa = PBXFileReference; fileEncoding = 4; lastKnownFileType = sourcecode.c.h; path = SBABridgeAppSDKDelegate.h; sourceTree = "<group>"; };
		FB14FFE61C7686EB00E0D5AF /* SBAResourceFinder.swift */ = {isa = PBXFileReference; fileEncoding = 4; lastKnownFileType = sourcecode.swift; path = SBAResourceFinder.swift; sourceTree = "<group>"; };
		FB14FFE81C769F9E00E0D5AF /* SBAConsentSharingOptions.swift */ = {isa = PBXFileReference; fileEncoding = 4; lastKnownFileType = sourcecode.swift; path = SBAConsentSharingOptions.swift; sourceTree = "<group>"; };
		FB6817391C6B0307006C8FC9 /* SBANavigableOrderedTask.swift */ = {isa = PBXFileReference; fileEncoding = 4; lastKnownFileType = sourcecode.swift; path = SBANavigableOrderedTask.swift; sourceTree = "<group>"; };
		FB6BA0941C7CDA6000C9903F /* SBADirectNavigationStep.swift */ = {isa = PBXFileReference; fileEncoding = 4; lastKnownFileType = sourcecode.swift; path = SBADirectNavigationStep.swift; sourceTree = "<group>"; };
		FB6BA0961C7CDB2600C9903F /* SBASubtaskStep.swift */ = {isa = PBXFileReference; fileEncoding = 4; lastKnownFileType = sourcecode.swift; path = SBASubtaskStep.swift; sourceTree = "<group>"; };
		FB8439121C6E9C2A0086E961 /* SBASurveyNavigationTests.swift */ = {isa = PBXFileReference; fileEncoding = 4; lastKnownFileType = sourcecode.swift; path = SBASurveyNavigationTests.swift; sourceTree = "<group>"; };
		FB8439181C727BEB0086E961 /* SBASurveyFactory.swift */ = {isa = PBXFileReference; fileEncoding = 4; lastKnownFileType = sourcecode.swift; path = SBASurveyFactory.swift; sourceTree = "<group>"; };
		FB84391F1C7315030086E961 /* SBASurveyFactoryTests.swift */ = {isa = PBXFileReference; fileEncoding = 4; lastKnownFileType = sourcecode.swift; path = SBASurveyFactoryTests.swift; sourceTree = "<group>"; };
		FB84392C1C7518FE0086E961 /* SBATextChoice.swift */ = {isa = PBXFileReference; fileEncoding = 4; lastKnownFileType = sourcecode.swift; path = SBATextChoice.swift; sourceTree = "<group>"; };
		FB84392E1C7519340086E961 /* SBASurveyItem.swift */ = {isa = PBXFileReference; fileEncoding = 4; lastKnownFileType = sourcecode.swift; path = SBASurveyItem.swift; sourceTree = "<group>"; };
		FBAE3CF11C8615DF003CEC4A /* SBAPDFPrintPageRenderer.h */ = {isa = PBXFileReference; fileEncoding = 4; lastKnownFileType = sourcecode.c.h; path = SBAPDFPrintPageRenderer.h; sourceTree = "<group>"; };
		FBAE3CF21C8615DF003CEC4A /* SBAPDFPrintPageRenderer.m */ = {isa = PBXFileReference; fileEncoding = 4; lastKnownFileType = sourcecode.c.objc; path = SBAPDFPrintPageRenderer.m; sourceTree = "<group>"; };
		FBC45E6C1C7531E3007AA424 /* SBAConsentDocumentFactory.swift */ = {isa = PBXFileReference; fileEncoding = 4; lastKnownFileType = sourcecode.swift; path = SBAConsentDocumentFactory.swift; sourceTree = "<group>"; };
		FBC45E791C759040007AA424 /* Localization.swift */ = {isa = PBXFileReference; fileEncoding = 4; lastKnownFileType = sourcecode.swift; path = Localization.swift; sourceTree = "<group>"; };
		FBE551571C6D204A00C9E1AA /* BridgeAppSDKTests-Bridging-Header.h */ = {isa = PBXFileReference; lastKnownFileType = sourcecode.c.h; path = "BridgeAppSDKTests-Bridging-Header.h"; sourceTree = "<group>"; };
		FBE551581C6D204B00C9E1AA /* SBANavigableOrderedTaskTests.m */ = {isa = PBXFileReference; fileEncoding = 4; lastKnownFileType = sourcecode.c.objc; path = SBANavigableOrderedTaskTests.m; sourceTree = "<group>"; };
		FBE5515B1C6D267100C9E1AA /* MockORKTask.h */ = {isa = PBXFileReference; fileEncoding = 4; lastKnownFileType = sourcecode.c.h; path = MockORKTask.h; sourceTree = "<group>"; };
		FBE5515C1C6D267100C9E1AA /* MockORKTask.m */ = {isa = PBXFileReference; fileEncoding = 4; lastKnownFileType = sourcecode.c.objc; path = MockORKTask.m; sourceTree = "<group>"; };
		FBE551681C6D9CBC00C9E1AA /* SBASurveyNavigationStep.swift */ = {isa = PBXFileReference; fileEncoding = 4; lastKnownFileType = sourcecode.swift; path = SBASurveyNavigationStep.swift; sourceTree = "<group>"; };
		FBF1B6B21CAAF6FC007C1082 /* UIAlertController+Utilities.swift */ = {isa = PBXFileReference; fileEncoding = 4; lastKnownFileType = sourcecode.swift; path = "UIAlertController+Utilities.swift"; sourceTree = "<group>"; };
		FBF1B6C41CAB0273007C1082 /* SBALocalizationMacroWrapper.h */ = {isa = PBXFileReference; fileEncoding = 4; lastKnownFileType = sourcecode.c.h; path = SBALocalizationMacroWrapper.h; sourceTree = "<group>"; };
		FBF1B6C51CAB0273007C1082 /* SBALocalizationMacroWrapper.m */ = {isa = PBXFileReference; fileEncoding = 4; lastKnownFileType = sourcecode.c.objc; path = SBALocalizationMacroWrapper.m; sourceTree = "<group>"; };
		FF08E0BF1C9A6A120082D530 /* SBASurveyItem+Dictionary.swift */ = {isa = PBXFileReference; fileEncoding = 4; lastKnownFileType = sourcecode.swift; path = "SBASurveyItem+Dictionary.swift"; sourceTree = "<group>"; };
		FF1F8D341CA9B9650098FAC5 /* SBAUserWrapper.swift */ = {isa = PBXFileReference; fileEncoding = 4; lastKnownFileType = sourcecode.swift; path = SBAUserWrapper.swift; sourceTree = "<group>"; };
		FF1F8D3F1CA9D1BF0098FAC5 /* SBAConsentSignature.swift */ = {isa = PBXFileReference; fileEncoding = 4; lastKnownFileType = sourcecode.swift; path = SBAConsentSignature.swift; sourceTree = "<group>"; };
		FF45F8121CA5B57200EE0562 /* SBARootViewControllerProtocol.h */ = {isa = PBXFileReference; fileEncoding = 4; lastKnownFileType = sourcecode.c.h; path = SBARootViewControllerProtocol.h; sourceTree = "<group>"; };
		FF45F8491CA5D61900EE0562 /* SBAUserBridgeManager.h */ = {isa = PBXFileReference; fileEncoding = 4; lastKnownFileType = sourcecode.c.h; path = SBAUserBridgeManager.h; sourceTree = "<group>"; };
		FF45F84A1CA5D61900EE0562 /* SBAUserBridgeManager.m */ = {isa = PBXFileReference; fileEncoding = 4; lastKnownFileType = sourcecode.c.objc; path = SBAUserBridgeManager.m; sourceTree = "<group>"; };
		FF45F84D1CA5DBEF00EE0562 /* SBAUserWrapper+Bridge.swift */ = {isa = PBXFileReference; fileEncoding = 4; lastKnownFileType = sourcecode.swift; path = "SBAUserWrapper+Bridge.swift"; sourceTree = "<group>"; };
		FF9634C61C9A0A6600D07595 /* SBASurveyItem+Bridge.swift */ = {isa = PBXFileReference; fileEncoding = 4; lastKnownFileType = sourcecode.swift; path = "SBASurveyItem+Bridge.swift"; sourceTree = "<group>"; };
		FF9D4C3E1CA1FC28001C293C /* SBAAppDelegate.swift */ = {isa = PBXFileReference; fileEncoding = 4; lastKnownFileType = sourcecode.swift; path = SBAAppDelegate.swift; sourceTree = "<group>"; };
		FF9D4C4B1CA20EAF001C293C /* HKHealthStore+Queries.swift */ = {isa = PBXFileReference; fileEncoding = 4; lastKnownFileType = sourcecode.swift; path = "HKHealthStore+Queries.swift"; sourceTree = "<group>"; };
		FF9D4C5A1CA217A7001C293C /* SBABridgeInfo.swift */ = {isa = PBXFileReference; fileEncoding = 4; lastKnownFileType = sourcecode.swift; path = SBABridgeInfo.swift; sourceTree = "<group>"; };
		FF9D4C901CA32536001C293C /* SBAUser.swift */ = {isa = PBXFileReference; fileEncoding = 4; lastKnownFileType = sourcecode.swift; path = SBAUser.swift; sourceTree = "<group>"; };
/* End PBXFileReference section */

/* Begin PBXFrameworksBuildPhase section */
		161479BD1BD6CE8F0099A068 /* Frameworks */ = {
			isa = PBXFrameworksBuildPhase;
			buildActionMask = 2147483647;
			files = (
				809D4E171C7E88A900EC9EC6 /* ResearchKit.framework in Frameworks */,
				801040C71C5A843D00D26E19 /* BridgeAppSDK.framework in Frameworks */,
				809D4E1B1C7E88AC00EC9EC6 /* BridgeSDK.framework in Frameworks */,
			);
			runOnlyForDeploymentPostprocessing = 0;
		};
		801040AE1C5A843D00D26E19 /* Frameworks */ = {
			isa = PBXFrameworksBuildPhase;
			buildActionMask = 2147483647;
			files = (
				FF7D6EBA1C98B43900A0466D /* BridgeSDK.framework in Frameworks */,
				809D4E1F1C7E89E300EC9EC6 /* ResearchKit.framework in Frameworks */,
			);
			runOnlyForDeploymentPostprocessing = 0;
		};
		801040B81C5A843D00D26E19 /* Frameworks */ = {
			isa = PBXFrameworksBuildPhase;
			buildActionMask = 2147483647;
			files = (
				801040BC1C5A843D00D26E19 /* BridgeAppSDK.framework in Frameworks */,
			);
			runOnlyForDeploymentPostprocessing = 0;
		};
/* End PBXFrameworksBuildPhase section */

/* Begin PBXGroup section */
		161479B71BD6CE8F0099A068 = {
			isa = PBXGroup;
			children = (
				801040E51C5AD18100D26E19 /* BridgeAppSDKSample */,
				161479C21BD6CE8F0099A068 /* BridgeAppSDK */,
				801040C11C5A843D00D26E19 /* BridgeAppSDKTests */,
				FBE1A9391CAB212F00F1F584 /* Frameworks */,
				161479C11BD6CE8F0099A068 /* Products */,
			);
			sourceTree = "<group>";
		};
		161479C11BD6CE8F0099A068 /* Products */ = {
			isa = PBXGroup;
			children = (
				161479C01BD6CE8F0099A068 /* BridgeAppSDKSample.app */,
				801040B21C5A843D00D26E19 /* BridgeAppSDK.framework */,
				801040BB1C5A843D00D26E19 /* BridgeAppSDKTests.xctest */,
			);
			name = Products;
			sourceTree = "<group>";
		};
		161479C21BD6CE8F0099A068 /* BridgeAppSDK */ = {
			isa = PBXGroup;
			children = (
				801040B41C5A843D00D26E19 /* BridgeAppSDK.h */,
				FF9D4C501CA2172C001C293C /* Startup */,
				16BF5B611BE29643007C79C6 /* Onboarding */,
				16BF5B671BE29676007C79C6 /* Activities */,
				168F25701BE05281001D2D65 /* TasksAndSteps */,
				FF9D4C8E1CA324F9001C293C /* User */,
				FBC45E711C758DBA007AA424 /* Library */,
				FB14FFE51C7686CC00E0D5AF /* Resources */,
				161479D51BD6CFB00099A068 /* Supporting Files */,
			);
			path = BridgeAppSDK;
			sourceTree = "<group>";
		};
		161479D51BD6CFB00099A068 /* Supporting Files */ = {
			isa = PBXGroup;
			children = (
				161479CF1BD6CE8F0099A068 /* Info.plist */,
			);
			name = "Supporting Files";
			sourceTree = "<group>";
		};
		168F25701BE05281001D2D65 /* TasksAndSteps */ = {
			isa = PBXGroup;
			children = (
				FB6817391C6B0307006C8FC9 /* SBANavigableOrderedTask.swift */,
				FB6BA0941C7CDA6000C9903F /* SBADirectNavigationStep.swift */,
				FBE551681C6D9CBC00C9E1AA /* SBASurveyNavigationStep.swift */,
				FB6BA0961C7CDB2600C9903F /* SBASubtaskStep.swift */,
				FB8439181C727BEB0086E961 /* SBASurveyFactory.swift */,
				FB84392E1C7519340086E961 /* SBASurveyItem.swift */,
				FB84392C1C7518FE0086E961 /* SBATextChoice.swift */,
				FF9634C61C9A0A6600D07595 /* SBASurveyItem+Bridge.swift */,
				FF08E0BF1C9A6A120082D530 /* SBASurveyItem+Dictionary.swift */,
			);
			name = TasksAndSteps;
			sourceTree = "<group>";
		};
		16BF5B611BE29643007C79C6 /* Onboarding */ = {
			isa = PBXGroup;
			children = (
				FBF1B6AD1CAAED0F007C1082 /* UI */,
				FBF1B6A31CAAED02007C1082 /* Consent */,
			);
			name = Onboarding;
			sourceTree = "<group>";
		};
		16BF5B641BE2964F007C79C6 /* Profile */ = {
			isa = PBXGroup;
			children = (
				16BF5B681BE2974A007C79C6 /* ProfileViewController.swift */,
				16BF5B701BE2C989007C79C6 /* ProfileStaticTableViewCell.swift */,
				B5D35FC61BEA363F004CBB06 /* ProfileHeaderView.swift */,
			);
			name = Profile;
			sourceTree = "<group>";
		};
		16BF5B671BE29676007C79C6 /* Activities */ = {
			isa = PBXGroup;
			children = (
			);
			name = Activities;
			sourceTree = "<group>";
		};
		16BF5B6B1BE2BD1C007C79C6 /* Protocols */ = {
			isa = PBXGroup;
			children = (
				16BF5B6E1BE2BE77007C79C6 /* HealthClientType.swift */,
				B5C2074F1BECCB1A0051D9D8 /* AnimatableChart.swift */,
			);
			name = Protocols;
			sourceTree = "<group>";
		};
		801040C11C5A843D00D26E19 /* BridgeAppSDKTests */ = {
			isa = PBXGroup;
			children = (
				FBC45E7B1C75B069007AA424 /* Test Files */,
				FBE5515A1C6D265000C9E1AA /* MockObjects */,
				801040C41C5A843D00D26E19 /* Info.plist */,
				FBE551571C6D204A00C9E1AA /* BridgeAppSDKTests-Bridging-Header.h */,
				FBE551581C6D204B00C9E1AA /* SBANavigableOrderedTaskTests.m */,
				FB8439121C6E9C2A0086E961 /* SBASurveyNavigationTests.swift */,
				FB84391F1C7315030086E961 /* SBASurveyFactoryTests.swift */,
			);
			path = BridgeAppSDKTests;
			sourceTree = "<group>";
		};
		801040E51C5AD18100D26E19 /* BridgeAppSDKSample */ = {
			isa = PBXGroup;
			children = (
				80E5A18F1C5ADF1300E0DFE9 /* AppDelegate.swift */,
				86CCDFF51C1B50970042AA39 /* ResearchContainerViewController.swift */,
				B5C2073E1BEC16F00051D9D8 /* ResearchContainerSegue.swift */,
				FF6B39331CA1E4DB00BF1413 /* Onboarding */,
				FF6B39341CA1E5A000BF1413 /* Dashboard */,
				FF6B39351CA1E61A00BF1413 /* Activities */,
				16BF5B641BE2964F007C79C6 /* Profile */,
				FB6817381C6B00F3006C8FC9 /* TasksAndSteps */,
				B5C207401BECBA710051D9D8 /* Withdrawal */,
				FF6B39361CA1E74900BF1413 /* Library */,
				801040F51C5AD57E00D26E19 /* Frameworks */,
				801040F41C5AD55800D26E19 /* Supporting Files */,
			);
			path = BridgeAppSDKSample;
			sourceTree = "<group>";
		};
		801040F41C5AD55800D26E19 /* Supporting Files */ = {
			isa = PBXGroup;
			children = (
				80E5A18E1C5ADF1100E0DFE9 /* BridgeAppSDKSample-Bridging-Header.h */,
				801040F21C5AD2D700D26E19 /* Assets.xcassets */,
				801040EC1C5AD29300D26E19 /* LaunchScreen.storyboard */,
				801040EE1C5AD29300D26E19 /* Main.storyboard */,
				801040E61C5AD18100D26E19 /* Info.plist */,
				80E5A18C1C5ADC7600E0DFE9 /* BridgeAppSDKSample.entitlements */,
			);
			name = "Supporting Files";
			sourceTree = "<group>";
		};
		801040F51C5AD57E00D26E19 /* Frameworks */ = {
			isa = PBXGroup;
			children = (
				809D4E091C7E886900EC9EC6 /* ResearchKit.xcodeproj */,
				809D4DF61C7E885300EC9EC6 /* BridgeSDK.xcodeproj */,
			);
			name = Frameworks;
			sourceTree = "<group>";
		};
		809D4DF71C7E885300EC9EC6 /* Products */ = {
			isa = PBXGroup;
			children = (
				809D4E021C7E885300EC9EC6 /* BridgeSDK.framework */,
				809D4E041C7E885300EC9EC6 /* BridgeSDKTests.xctest */,
				809D4E061C7E885300EC9EC6 /* BridgeSDKIntegration.app */,
				809D4E081C7E885300EC9EC6 /* BridgeSDKIntegrationTests.xctest */,
			);
			name = Products;
			sourceTree = "<group>";
		};
		809D4E0A1C7E886900EC9EC6 /* Products */ = {
			isa = PBXGroup;
			children = (
				809D4E101C7E886900EC9EC6 /* ResearchKit.framework */,
				809D4E121C7E886900EC9EC6 /* ResearchKitTests.xctest */,
			);
			name = Products;
			sourceTree = "<group>";
		};
		B5C207401BECBA710051D9D8 /* Withdrawal */ = {
			isa = PBXGroup;
			children = (
				B5C207411BECBA8B0051D9D8 /* WithdrawViewController.swift */,
			);
			name = Withdrawal;
			sourceTree = "<group>";
		};
		FB14FFE51C7686CC00E0D5AF /* Resources */ = {
			isa = PBXGroup;
			children = (
				FB14FFE61C7686EB00E0D5AF /* SBAResourceFinder.swift */,
			);
			name = Resources;
			sourceTree = "<group>";
		};
		FB6817381C6B00F3006C8FC9 /* TasksAndSteps */ = {
			isa = PBXGroup;
			children = (
				B5FA92E81BF13D98001E46C0 /* HealthDataStep.swift */,
				168F25711BE052AD001D2D65 /* HealthDataStepViewController.swift */,
				B5C207551BECED750051D9D8 /* ConsentDocument.swift */,
			);
			name = TasksAndSteps;
			sourceTree = "<group>";
		};
		FBAE3CE61C86157E003CEC4A /* Utilities */ = {
			isa = PBXGroup;
			children = (
				FBF1B6B21CAAF6FC007C1082 /* UIAlertController+Utilities.swift */,
				FB0C9EF21CAA52F700BA5B44 /* NSDate+Utilities.swift */,
				FBAE3CF01C861587003CEC4A /* PDF */,
			);
			name = Utilities;
			sourceTree = "<group>";
		};
		FBAE3CF01C861587003CEC4A /* PDF */ = {
			isa = PBXGroup;
			children = (
				FBAE3CF11C8615DF003CEC4A /* SBAPDFPrintPageRenderer.h */,
				FBAE3CF21C8615DF003CEC4A /* SBAPDFPrintPageRenderer.m */,
			);
			name = PDF;
			sourceTree = "<group>";
		};
		FBC45E6F1C758D87007AA424 /* Extensions */ = {
			isa = PBXGroup;
			children = (
				FF9D4C4B1CA20EAF001C293C /* HKHealthStore+Queries.swift */,
			);
			name = Extensions;
			sourceTree = "<group>";
		};
		FBC45E711C758DBA007AA424 /* Library */ = {
			isa = PBXGroup;
			children = (
				FFC68EED1CA4778D00FF7B07 /* Encryption */,
				FBC45E721C758DC9007AA424 /* Localization */,
				FBAE3CE61C86157E003CEC4A /* Utilities */,
			);
			name = Library;
			sourceTree = "<group>";
		};
		FBC45E721C758DC9007AA424 /* Localization */ = {
			isa = PBXGroup;
			children = (
				FBC45E791C759040007AA424 /* Localization.swift */,
				FBF1B6C41CAB0273007C1082 /* SBALocalizationMacroWrapper.h */,
				FBF1B6C51CAB0273007C1082 /* SBALocalizationMacroWrapper.m */,
			);
			name = Localization;
			sourceTree = "<group>";
		};
		FBC45E7B1C75B069007AA424 /* Test Files */ = {
			isa = PBXGroup;
			children = (
			);
			path = "Test Files";
			sourceTree = "<group>";
		};
		FBE1A9391CAB212F00F1F584 /* Frameworks */ = {
			isa = PBXGroup;
			children = (
			);
			name = Frameworks;
			sourceTree = "<group>";
		};
		FBE5515A1C6D265000C9E1AA /* MockObjects */ = {
			isa = PBXGroup;
			children = (
				FBE5515B1C6D267100C9E1AA /* MockORKTask.h */,
				FBE5515C1C6D267100C9E1AA /* MockORKTask.m */,
			);
			name = MockObjects;
			sourceTree = "<group>";
		};
		FBF1B6A31CAAED02007C1082 /* Consent */ = {
			isa = PBXGroup;
			children = (
				FBC45E6C1C7531E3007AA424 /* SBAConsentDocumentFactory.swift */,
				FB14FFDD1C766DF100E0D5AF /* SBAConsentSection.swift */,
				FB14FFE81C769F9E00E0D5AF /* SBAConsentSharingOptions.swift */,
			);
			name = Consent;
			sourceTree = "<group>";
		};
		FBF1B6AD1CAAED0F007C1082 /* UI */ = {
			isa = PBXGroup;
			children = (
			);
			name = UI;
			sourceTree = "<group>";
		};
		FF6B39331CA1E4DB00BF1413 /* Onboarding */ = {
			isa = PBXGroup;
			children = (
				161479C51BD6CE8F0099A068 /* OnboardingViewController.swift */,
				165A7E6D1BD9AEF800B6D223 /* IntroductionViewController.swift */,
			);
			name = Onboarding;
			sourceTree = "<group>";
		};
		FF6B39341CA1E5A000BF1413 /* Dashboard */ = {
			isa = PBXGroup;
			children = (
				B5C366B31BE7ADBA0036112D /* DashboardTableViewController.swift */,
				B5D117571BE8D12000D7F153 /* PieChartDataSource.swift */,
				B5D1175B1BE8D15400D7F153 /* DiscreteGraphDataSource.swift */,
				B5D1175D1BE8D17E00D7F153 /* LineGraphDataSource.swift */,
			);
			name = Dashboard;
			sourceTree = "<group>";
		};
		FF6B39351CA1E61A00BF1413 /* Activities */ = {
			isa = PBXGroup;
			children = (
				16147A0E1BD83F700099A068 /* ActivityViewController.swift */,
				165A7E651BD99DBA00B6D223 /* StudyTasks.swift */,
			);
			name = Activities;
			sourceTree = "<group>";
		};
		FF6B39361CA1E74900BF1413 /* Library */ = {
			isa = PBXGroup;
			children = (
				FBC45E6F1C758D87007AA424 /* Extensions */,
				16BF5B6B1BE2BD1C007C79C6 /* Protocols */,
			);
			name = Library;
			sourceTree = "<group>";
		};
		FF9D4C501CA2172C001C293C /* Startup */ = {
			isa = PBXGroup;
			children = (
				FF9D4C3E1CA1FC28001C293C /* SBAAppDelegate.swift */,
				FF9D4C5A1CA217A7001C293C /* SBABridgeInfo.swift */,
				FB14FFE31C76852500E0D5AF /* SBABridgeAppSDKDelegate.h */,
				FF45F8121CA5B57200EE0562 /* SBARootViewControllerProtocol.h */,
			);
			name = Startup;
			sourceTree = "<group>";
		};
		FF9D4C8E1CA324F9001C293C /* User */ = {
			isa = PBXGroup;
			children = (
				FF9D4C8F1CA3250B001C293C /* Data Model */,
				FF45F8491CA5D61900EE0562 /* SBAUserBridgeManager.h */,
				FF45F84A1CA5D61900EE0562 /* SBAUserBridgeManager.m */,
				FF45F84D1CA5DBEF00EE0562 /* SBAUserWrapper+Bridge.swift */,
			);
			name = User;
			sourceTree = "<group>";
		};
		FF9D4C8F1CA3250B001C293C /* Data Model */ = {
			isa = PBXGroup;
			children = (
				FF1F8D3F1CA9D1BF0098FAC5 /* SBAConsentSignature.swift */,
				FF1F8D341CA9B9650098FAC5 /* SBAUserWrapper.swift */,
				FF9D4C901CA32536001C293C /* SBAUser.swift */,
			);
			name = "Data Model";
			sourceTree = "<group>";
		};
		FFC68EED1CA4778D00FF7B07 /* Encryption */ = {
			isa = PBXGroup;
			children = (
			);
			name = Encryption;
			sourceTree = "<group>";
		};
/* End PBXGroup section */

/* Begin PBXHeadersBuildPhase section */
		801040AF1C5A843D00D26E19 /* Headers */ = {
			isa = PBXHeadersBuildPhase;
			buildActionMask = 2147483647;
			files = (
				FF45F8131CA5B57200EE0562 /* SBARootViewControllerProtocol.h in Headers */,
				FF45F84B1CA5D61900EE0562 /* SBAUserBridgeManager.h in Headers */,
				FBAE3CF31C8615DF003CEC4A /* SBAPDFPrintPageRenderer.h in Headers */,
				FBF1B6C61CAB0273007C1082 /* SBALocalizationMacroWrapper.h in Headers */,
				801040B51C5A843D00D26E19 /* BridgeAppSDK.h in Headers */,
				FB14FFE41C76852500E0D5AF /* SBABridgeAppSDKDelegate.h in Headers */,
			);
			runOnlyForDeploymentPostprocessing = 0;
		};
/* End PBXHeadersBuildPhase section */

/* Begin PBXNativeTarget section */
		161479BF1BD6CE8F0099A068 /* BridgeAppSDKSample */ = {
			isa = PBXNativeTarget;
			buildConfigurationList = 161479D21BD6CE8F0099A068 /* Build configuration list for PBXNativeTarget "BridgeAppSDKSample" */;
			buildPhases = (
				161479BC1BD6CE8F0099A068 /* Sources */,
				161479BD1BD6CE8F0099A068 /* Frameworks */,
				161479BE1BD6CE8F0099A068 /* Resources */,
				161479E41BD6E8360099A068 /* Embed Frameworks */,
			);
			buildRules = (
			);
			dependencies = (
				809D4E141C7E888900EC9EC6 /* PBXTargetDependency */,
				809D4E161C7E888900EC9EC6 /* PBXTargetDependency */,
				801040C61C5A843D00D26E19 /* PBXTargetDependency */,
				809D4E1A1C7E88AA00EC9EC6 /* PBXTargetDependency */,
				809D4E1E1C7E88AE00EC9EC6 /* PBXTargetDependency */,
			);
			name = BridgeAppSDKSample;
			productName = ResearchHealth;
			productReference = 161479C01BD6CE8F0099A068 /* BridgeAppSDKSample.app */;
			productType = "com.apple.product-type.application";
		};
		801040B11C5A843D00D26E19 /* BridgeAppSDK */ = {
			isa = PBXNativeTarget;
			buildConfigurationList = 801040C91C5A843E00D26E19 /* Build configuration list for PBXNativeTarget "BridgeAppSDK" */;
			buildPhases = (
				801040AD1C5A843D00D26E19 /* Sources */,
				801040AE1C5A843D00D26E19 /* Frameworks */,
				801040AF1C5A843D00D26E19 /* Headers */,
				801040B01C5A843D00D26E19 /* Resources */,
			);
			buildRules = (
			);
			dependencies = (
				809D4E211C7E89F200EC9EC6 /* PBXTargetDependency */,
			);
			name = BridgeAppSDK;
			productName = BridgeAppSDK;
			productReference = 801040B21C5A843D00D26E19 /* BridgeAppSDK.framework */;
			productType = "com.apple.product-type.framework";
		};
		801040BA1C5A843D00D26E19 /* BridgeAppSDKTests */ = {
			isa = PBXNativeTarget;
			buildConfigurationList = 801040CC1C5A843E00D26E19 /* Build configuration list for PBXNativeTarget "BridgeAppSDKTests" */;
			buildPhases = (
				801040B71C5A843D00D26E19 /* Sources */,
				801040B81C5A843D00D26E19 /* Frameworks */,
				801040B91C5A843D00D26E19 /* Resources */,
			);
			buildRules = (
			);
			dependencies = (
				801040BE1C5A843D00D26E19 /* PBXTargetDependency */,
				801040C01C5A843D00D26E19 /* PBXTargetDependency */,
			);
			name = BridgeAppSDKTests;
			productName = BridgeAppSDKTests;
			productReference = 801040BB1C5A843D00D26E19 /* BridgeAppSDKTests.xctest */;
			productType = "com.apple.product-type.bundle.unit-test";
		};
/* End PBXNativeTarget section */

/* Begin PBXProject section */
		161479B81BD6CE8F0099A068 /* Project object */ = {
			isa = PBXProject;
			attributes = {
				LastSwiftUpdateCheck = 0720;
				LastUpgradeCheck = 0720;
				ORGANIZATIONNAME = "Sage Bionetworks";
				TargetAttributes = {
					161479BF1BD6CE8F0099A068 = {
						CreatedOnToolsVersion = 7.2;
						SystemCapabilities = {
							com.apple.HealthKit = {
								enabled = 1;
							};
						};
					};
					801040B11C5A843D00D26E19 = {
						CreatedOnToolsVersion = 7.2;
					};
					801040BA1C5A843D00D26E19 = {
						CreatedOnToolsVersion = 7.2;
					};
				};
			};
			buildConfigurationList = 161479BB1BD6CE8F0099A068 /* Build configuration list for PBXProject "BridgeAppSDK" */;
			compatibilityVersion = "Xcode 3.2";
			developmentRegion = English;
			hasScannedForEncodings = 0;
			knownRegions = (
				en,
				Base,
			);
			mainGroup = 161479B71BD6CE8F0099A068;
			productRefGroup = 161479C11BD6CE8F0099A068 /* Products */;
			projectDirPath = "";
			projectReferences = (
				{
					ProductGroup = 809D4DF71C7E885300EC9EC6 /* Products */;
					ProjectRef = 809D4DF61C7E885300EC9EC6 /* BridgeSDK.xcodeproj */;
				},
				{
					ProductGroup = 809D4E0A1C7E886900EC9EC6 /* Products */;
					ProjectRef = 809D4E091C7E886900EC9EC6 /* ResearchKit.xcodeproj */;
				},
			);
			projectRoot = "";
			targets = (
				161479BF1BD6CE8F0099A068 /* BridgeAppSDKSample */,
				801040B11C5A843D00D26E19 /* BridgeAppSDK */,
				801040BA1C5A843D00D26E19 /* BridgeAppSDKTests */,
			);
		};
/* End PBXProject section */

/* Begin PBXReferenceProxy section */
		809D4E021C7E885300EC9EC6 /* BridgeSDK.framework */ = {
			isa = PBXReferenceProxy;
			fileType = wrapper.framework;
			path = BridgeSDK.framework;
			remoteRef = 809D4E011C7E885300EC9EC6 /* PBXContainerItemProxy */;
			sourceTree = BUILT_PRODUCTS_DIR;
		};
		809D4E041C7E885300EC9EC6 /* BridgeSDKTests.xctest */ = {
			isa = PBXReferenceProxy;
			fileType = wrapper.cfbundle;
			path = BridgeSDKTests.xctest;
			remoteRef = 809D4E031C7E885300EC9EC6 /* PBXContainerItemProxy */;
			sourceTree = BUILT_PRODUCTS_DIR;
		};
		809D4E061C7E885300EC9EC6 /* BridgeSDKIntegration.app */ = {
			isa = PBXReferenceProxy;
			fileType = wrapper.application;
			path = BridgeSDKIntegration.app;
			remoteRef = 809D4E051C7E885300EC9EC6 /* PBXContainerItemProxy */;
			sourceTree = BUILT_PRODUCTS_DIR;
		};
		809D4E081C7E885300EC9EC6 /* BridgeSDKIntegrationTests.xctest */ = {
			isa = PBXReferenceProxy;
			fileType = wrapper.cfbundle;
			path = BridgeSDKIntegrationTests.xctest;
			remoteRef = 809D4E071C7E885300EC9EC6 /* PBXContainerItemProxy */;
			sourceTree = BUILT_PRODUCTS_DIR;
		};
		809D4E101C7E886900EC9EC6 /* ResearchKit.framework */ = {
			isa = PBXReferenceProxy;
			fileType = wrapper.framework;
			path = ResearchKit.framework;
			remoteRef = 809D4E0F1C7E886900EC9EC6 /* PBXContainerItemProxy */;
			sourceTree = BUILT_PRODUCTS_DIR;
		};
		809D4E121C7E886900EC9EC6 /* ResearchKitTests.xctest */ = {
			isa = PBXReferenceProxy;
			fileType = wrapper.cfbundle;
			path = ResearchKitTests.xctest;
			remoteRef = 809D4E111C7E886900EC9EC6 /* PBXContainerItemProxy */;
			sourceTree = BUILT_PRODUCTS_DIR;
		};
/* End PBXReferenceProxy section */

/* Begin PBXResourcesBuildPhase section */
		161479BE1BD6CE8F0099A068 /* Resources */ = {
			isa = PBXResourcesBuildPhase;
			buildActionMask = 2147483647;
			files = (
				801040E81C5AD18100D26E19 /* Info.plist in Resources */,
				80E5A18D1C5ADC7600E0DFE9 /* BridgeAppSDKSample.entitlements in Resources */,
				801040F11C5AD29300D26E19 /* Main.storyboard in Resources */,
				801040F01C5AD29300D26E19 /* LaunchScreen.storyboard in Resources */,
				801040F31C5AD2D700D26E19 /* Assets.xcassets in Resources */,
			);
			runOnlyForDeploymentPostprocessing = 0;
		};
		801040B01C5A843D00D26E19 /* Resources */ = {
			isa = PBXResourcesBuildPhase;
			buildActionMask = 2147483647;
			files = (
			);
			runOnlyForDeploymentPostprocessing = 0;
		};
		801040B91C5A843D00D26E19 /* Resources */ = {
			isa = PBXResourcesBuildPhase;
			buildActionMask = 2147483647;
			files = (
			);
			runOnlyForDeploymentPostprocessing = 0;
		};
/* End PBXResourcesBuildPhase section */

/* Begin PBXSourcesBuildPhase section */
		161479BC1BD6CE8F0099A068 /* Sources */ = {
			isa = PBXSourcesBuildPhase;
			buildActionMask = 2147483647;
			files = (
				80E5A1901C5ADF1300E0DFE9 /* AppDelegate.swift in Sources */,
				FF9D4C4C1CA20EAF001C293C /* HKHealthStore+Queries.swift in Sources */,
			);
			runOnlyForDeploymentPostprocessing = 0;
		};
		801040AD1C5A843D00D26E19 /* Sources */ = {
			isa = PBXSourcesBuildPhase;
			buildActionMask = 2147483647;
			files = (
				FB14FFE71C7686EB00E0D5AF /* SBAResourceFinder.swift in Sources */,
				FF9D4C911CA32536001C293C /* SBAUser.swift in Sources */,
				801040D91C5ACDF800D26E19 /* StudyTasks.swift in Sources */,
				FB14FFDE1C766DF100E0D5AF /* SBAConsentSection.swift in Sources */,
				FF45F84E1CA5DBEF00EE0562 /* SBAUserWrapper+Bridge.swift in Sources */,
				801040E01C5ACDF800D26E19 /* ConsentDocument.swift in Sources */,
				FBC45E7A1C759040007AA424 /* Localization.swift in Sources */,
				801040D61C5ACDF800D26E19 /* DiscreteGraphDataSource.swift in Sources */,
				801040E11C5ACDF800D26E19 /* HealthClientType.swift in Sources */,
				801040DF1C5ACDF800D26E19 /* HealthDataStepViewController.swift in Sources */,
				801040D11C5ACDF800D26E19 /* ResearchContainerSegue.swift in Sources */,
				801040D31C5ACDF800D26E19 /* IntroductionViewController.swift in Sources */,
				FBAE3CF41C8615DF003CEC4A /* SBAPDFPrintPageRenderer.m in Sources */,
				FB84392D1C7518FE0086E961 /* SBATextChoice.swift in Sources */,
				FF1F8D401CA9D1BF0098FAC5 /* SBAConsentSignature.swift in Sources */,
				FB68173A1C6B0307006C8FC9 /* SBANavigableOrderedTask.swift in Sources */,
				801040DD1C5ACDF800D26E19 /* WithdrawViewController.swift in Sources */,
				801040D81C5ACDF800D26E19 /* ActivityViewController.swift in Sources */,
				FB8439191C727BEB0086E961 /* SBASurveyFactory.swift in Sources */,
				FB84392F1C7519340086E961 /* SBASurveyItem.swift in Sources */,
				FB14FFE91C769F9E00E0D5AF /* SBAConsentSharingOptions.swift in Sources */,
				801040DB1C5ACDF800D26E19 /* ProfileStaticTableViewCell.swift in Sources */,
				FF08E0C01C9A6A120082D530 /* SBASurveyItem+Dictionary.swift in Sources */,
				FBF1B6B31CAAF6FC007C1082 /* UIAlertController+Utilities.swift in Sources */,
				801040DA1C5ACDF800D26E19 /* ProfileViewController.swift in Sources */,
				FBF1B6C71CAB0273007C1082 /* SBALocalizationMacroWrapper.m in Sources */,
				FB6BA0951C7CDA6000C9903F /* SBADirectNavigationStep.swift in Sources */,
				801040E21C5ACDF800D26E19 /* AnimatableChart.swift in Sources */,
				FF9634C71C9A0A6600D07595 /* SBASurveyItem+Bridge.swift in Sources */,
				801040D51C5ACDF800D26E19 /* PieChartDataSource.swift in Sources */,
				801040D01C5ACDF800D26E19 /* ResearchContainerViewController.swift in Sources */,
				801040DE1C5ACDF800D26E19 /* HealthDataStep.swift in Sources */,
				FF45F84C1CA5D61900EE0562 /* SBAUserBridgeManager.m in Sources */,
				FB6BA0971C7CDB2600C9903F /* SBASubtaskStep.swift in Sources */,
				FF1F8D351CA9B9650098FAC5 /* SBAUserWrapper.swift in Sources */,
				FF9D4C3F1CA1FC28001C293C /* SBAAppDelegate.swift in Sources */,
				FF9D4C5B1CA217A7001C293C /* SBABridgeInfo.swift in Sources */,
				FBE551691C6D9CBC00C9E1AA /* SBASurveyNavigationStep.swift in Sources */,
				FB0C9EF31CAA52F700BA5B44 /* NSDate+Utilities.swift in Sources */,
				801040D41C5ACDF800D26E19 /* DashboardTableViewController.swift in Sources */,
				801040DC1C5ACDF800D26E19 /* ProfileHeaderView.swift in Sources */,
				FBC45E6D1C7531E3007AA424 /* SBAConsentDocumentFactory.swift in Sources */,
				801040D71C5ACDF800D26E19 /* LineGraphDataSource.swift in Sources */,
				801040D21C5ACDF800D26E19 /* OnboardingViewController.swift in Sources */,
			);
			runOnlyForDeploymentPostprocessing = 0;
		};
		801040B71C5A843D00D26E19 /* Sources */ = {
			isa = PBXSourcesBuildPhase;
			buildActionMask = 2147483647;
			files = (
				FBE551591C6D204B00C9E1AA /* SBANavigableOrderedTaskTests.m in Sources */,
				FB8439201C7315030086E961 /* SBASurveyFactoryTests.swift in Sources */,
				FB8439131C6E9C2A0086E961 /* SBASurveyNavigationTests.swift in Sources */,
				FBE5515D1C6D267100C9E1AA /* MockORKTask.m in Sources */,
			);
			runOnlyForDeploymentPostprocessing = 0;
		};
/* End PBXSourcesBuildPhase section */

/* Begin PBXTargetDependency section */
		801040BE1C5A843D00D26E19 /* PBXTargetDependency */ = {
			isa = PBXTargetDependency;
			target = 801040B11C5A843D00D26E19 /* BridgeAppSDK */;
			targetProxy = 801040BD1C5A843D00D26E19 /* PBXContainerItemProxy */;
		};
		801040C01C5A843D00D26E19 /* PBXTargetDependency */ = {
			isa = PBXTargetDependency;
			target = 161479BF1BD6CE8F0099A068 /* BridgeAppSDKSample */;
			targetProxy = 801040BF1C5A843D00D26E19 /* PBXContainerItemProxy */;
		};
		801040C61C5A843D00D26E19 /* PBXTargetDependency */ = {
			isa = PBXTargetDependency;
			target = 801040B11C5A843D00D26E19 /* BridgeAppSDK */;
			targetProxy = 801040C51C5A843D00D26E19 /* PBXContainerItemProxy */;
		};
		809D4E141C7E888900EC9EC6 /* PBXTargetDependency */ = {
			isa = PBXTargetDependency;
			name = ResearchKit;
			targetProxy = 809D4E131C7E888900EC9EC6 /* PBXContainerItemProxy */;
		};
		809D4E161C7E888900EC9EC6 /* PBXTargetDependency */ = {
			isa = PBXTargetDependency;
			name = BridgeSDK;
			targetProxy = 809D4E151C7E888900EC9EC6 /* PBXContainerItemProxy */;
		};
		809D4E1A1C7E88AA00EC9EC6 /* PBXTargetDependency */ = {
			isa = PBXTargetDependency;
			name = ResearchKit;
			targetProxy = 809D4E191C7E88AA00EC9EC6 /* PBXContainerItemProxy */;
		};
		809D4E1E1C7E88AE00EC9EC6 /* PBXTargetDependency */ = {
			isa = PBXTargetDependency;
			name = BridgeSDK;
			targetProxy = 809D4E1D1C7E88AE00EC9EC6 /* PBXContainerItemProxy */;
		};
		809D4E211C7E89F200EC9EC6 /* PBXTargetDependency */ = {
			isa = PBXTargetDependency;
			name = ResearchKit;
			targetProxy = 809D4E201C7E89F200EC9EC6 /* PBXContainerItemProxy */;
		};
/* End PBXTargetDependency section */

/* Begin PBXVariantGroup section */
		801040EC1C5AD29300D26E19 /* LaunchScreen.storyboard */ = {
			isa = PBXVariantGroup;
			children = (
				801040ED1C5AD29300D26E19 /* Base */,
			);
			name = LaunchScreen.storyboard;
			sourceTree = "<group>";
		};
		801040EE1C5AD29300D26E19 /* Main.storyboard */ = {
			isa = PBXVariantGroup;
			children = (
				801040EF1C5AD29300D26E19 /* Base */,
			);
			name = Main.storyboard;
			sourceTree = "<group>";
		};
/* End PBXVariantGroup section */

/* Begin XCBuildConfiguration section */
		161479D01BD6CE8F0099A068 /* Debug */ = {
			isa = XCBuildConfiguration;
			buildSettings = {
				ALWAYS_SEARCH_USER_PATHS = NO;
				CLANG_CXX_LANGUAGE_STANDARD = "gnu++0x";
				CLANG_CXX_LIBRARY = "libc++";
				CLANG_ENABLE_MODULES = YES;
				CLANG_ENABLE_OBJC_ARC = YES;
				CLANG_WARN_BOOL_CONVERSION = YES;
				CLANG_WARN_CONSTANT_CONVERSION = YES;
				CLANG_WARN_DIRECT_OBJC_ISA_USAGE = YES_ERROR;
				CLANG_WARN_EMPTY_BODY = YES;
				CLANG_WARN_ENUM_CONVERSION = YES;
				CLANG_WARN_INT_CONVERSION = YES;
				CLANG_WARN_OBJC_ROOT_CLASS = YES_ERROR;
				CLANG_WARN_UNREACHABLE_CODE = YES;
				CLANG_WARN__DUPLICATE_METHOD_MATCH = YES;
				"CODE_SIGN_IDENTITY[sdk=iphoneos*]" = "iPhone Developer";
				COPY_PHASE_STRIP = NO;
				DEBUG_INFORMATION_FORMAT = dwarf;
				ENABLE_STRICT_OBJC_MSGSEND = YES;
				ENABLE_TESTABILITY = YES;
				GCC_C_LANGUAGE_STANDARD = gnu99;
				GCC_DYNAMIC_NO_PIC = NO;
				GCC_NO_COMMON_BLOCKS = YES;
				GCC_OPTIMIZATION_LEVEL = 0;
				GCC_PREPROCESSOR_DEFINITIONS = (
					"DEBUG=1",
					"$(inherited)",
				);
				GCC_WARN_64_TO_32_BIT_CONVERSION = YES;
				GCC_WARN_ABOUT_RETURN_TYPE = YES_ERROR;
				GCC_WARN_UNDECLARED_SELECTOR = YES;
				GCC_WARN_UNINITIALIZED_AUTOS = YES_AGGRESSIVE;
				GCC_WARN_UNUSED_FUNCTION = YES;
				GCC_WARN_UNUSED_VARIABLE = YES;
				IPHONEOS_DEPLOYMENT_TARGET = 8.0;
				MTL_ENABLE_DEBUG_INFO = YES;
				ONLY_ACTIVE_ARCH = YES;
				PRODUCT_NAME = "${TARGET_NAME}";
				SDKROOT = iphoneos;
				SWIFT_OPTIMIZATION_LEVEL = "-Onone";
				TARGETED_DEVICE_FAMILY = "1,2";
			};
			name = Debug;
		};
		161479D11BD6CE8F0099A068 /* Release */ = {
			isa = XCBuildConfiguration;
			buildSettings = {
				ALWAYS_SEARCH_USER_PATHS = NO;
				CLANG_CXX_LANGUAGE_STANDARD = "gnu++0x";
				CLANG_CXX_LIBRARY = "libc++";
				CLANG_ENABLE_MODULES = YES;
				CLANG_ENABLE_OBJC_ARC = YES;
				CLANG_WARN_BOOL_CONVERSION = YES;
				CLANG_WARN_CONSTANT_CONVERSION = YES;
				CLANG_WARN_DIRECT_OBJC_ISA_USAGE = YES_ERROR;
				CLANG_WARN_EMPTY_BODY = YES;
				CLANG_WARN_ENUM_CONVERSION = YES;
				CLANG_WARN_INT_CONVERSION = YES;
				CLANG_WARN_OBJC_ROOT_CLASS = YES_ERROR;
				CLANG_WARN_UNREACHABLE_CODE = YES;
				CLANG_WARN__DUPLICATE_METHOD_MATCH = YES;
				"CODE_SIGN_IDENTITY[sdk=iphoneos*]" = "iPhone Developer";
				COPY_PHASE_STRIP = NO;
				DEBUG_INFORMATION_FORMAT = "dwarf-with-dsym";
				ENABLE_NS_ASSERTIONS = NO;
				ENABLE_STRICT_OBJC_MSGSEND = YES;
				GCC_C_LANGUAGE_STANDARD = gnu99;
				GCC_NO_COMMON_BLOCKS = YES;
				GCC_WARN_64_TO_32_BIT_CONVERSION = YES;
				GCC_WARN_ABOUT_RETURN_TYPE = YES_ERROR;
				GCC_WARN_UNDECLARED_SELECTOR = YES;
				GCC_WARN_UNINITIALIZED_AUTOS = YES_AGGRESSIVE;
				GCC_WARN_UNUSED_FUNCTION = YES;
				GCC_WARN_UNUSED_VARIABLE = YES;
				IPHONEOS_DEPLOYMENT_TARGET = 8.0;
				MTL_ENABLE_DEBUG_INFO = NO;
				PRODUCT_NAME = "${TARGET_NAME}";
				SDKROOT = iphoneos;
				TARGETED_DEVICE_FAMILY = "1,2";
				VALIDATE_PRODUCT = YES;
			};
			name = Release;
		};
		161479D31BD6CE8F0099A068 /* Debug */ = {
			isa = XCBuildConfiguration;
			buildSettings = {
				ASSETCATALOG_COMPILER_APPICON_NAME = AppIcon;
				CLANG_ENABLE_MODULES = YES;
				CODE_SIGN_ENTITLEMENTS = BridgeAppSDKSample/BridgeAppSDKSample.entitlements;
				CODE_SIGN_IDENTITY = "iPhone Developer";
				"CODE_SIGN_IDENTITY[sdk=iphoneos*]" = "iPhone Developer";
				EMBEDDED_CONTENT_CONTAINS_SWIFT = YES;
				INFOPLIST_FILE = BridgeAppSDKSample/Info.plist;
				IPHONEOS_DEPLOYMENT_TARGET = 9.0;
				LD_RUNPATH_SEARCH_PATHS = "$(inherited) @executable_path/Frameworks";
				PRODUCT_BUNDLE_IDENTIFIER = org.sagebase.BridgeAppSDKSample;
				PROVISIONING_PROFILE = "";
				SWIFT_OBJC_BRIDGING_HEADER = "BridgeAppSDKSample/BridgeAppSDKSample-Bridging-Header.h";
				SWIFT_OPTIMIZATION_LEVEL = "-Onone";
			};
			name = Debug;
		};
		161479D41BD6CE8F0099A068 /* Release */ = {
			isa = XCBuildConfiguration;
			buildSettings = {
				ASSETCATALOG_COMPILER_APPICON_NAME = AppIcon;
				CLANG_ENABLE_MODULES = YES;
				CODE_SIGN_ENTITLEMENTS = BridgeAppSDKSample/BridgeAppSDKSample.entitlements;
				CODE_SIGN_IDENTITY = "iPhone Developer";
				"CODE_SIGN_IDENTITY[sdk=iphoneos*]" = "iPhone Developer";
				EMBEDDED_CONTENT_CONTAINS_SWIFT = YES;
				INFOPLIST_FILE = BridgeAppSDKSample/Info.plist;
				IPHONEOS_DEPLOYMENT_TARGET = 9.0;
				LD_RUNPATH_SEARCH_PATHS = "$(inherited) @executable_path/Frameworks";
				PRODUCT_BUNDLE_IDENTIFIER = org.sagebase.BridgeAppSDKSample;
				PROVISIONING_PROFILE = "";
				SWIFT_OBJC_BRIDGING_HEADER = "BridgeAppSDKSample/BridgeAppSDKSample-Bridging-Header.h";
			};
			name = Release;
		};
		801040CA1C5A843E00D26E19 /* Debug */ = {
			isa = XCBuildConfiguration;
			buildSettings = {
				CLANG_ENABLE_MODULES = YES;
				CODE_SIGN_IDENTITY = "iPhone Developer";
				"CODE_SIGN_IDENTITY[sdk=iphoneos*]" = "iPhone Developer";
				CURRENT_PROJECT_VERSION = 1;
				DEFINES_MODULE = YES;
				DYLIB_COMPATIBILITY_VERSION = 1;
				DYLIB_CURRENT_VERSION = 1;
				DYLIB_INSTALL_NAME_BASE = "@rpath";
				INFOPLIST_FILE = BridgeAppSDK/Info.plist;
				INSTALL_PATH = "$(LOCAL_LIBRARY_DIR)/Frameworks";
				LD_RUNPATH_SEARCH_PATHS = "$(inherited) @executable_path/Frameworks @loader_path/Frameworks";
				PRODUCT_BUNDLE_IDENTIFIER = org.sagebase.BridgeAppSDK;
				SKIP_INSTALL = YES;
				SWIFT_OPTIMIZATION_LEVEL = "-Onone";
				VERSIONING_SYSTEM = "apple-generic";
				VERSION_INFO_PREFIX = "";
			};
			name = Debug;
		};
		801040CB1C5A843E00D26E19 /* Release */ = {
			isa = XCBuildConfiguration;
			buildSettings = {
				CLANG_ENABLE_MODULES = YES;
				CODE_SIGN_IDENTITY = "iPhone Developer";
				"CODE_SIGN_IDENTITY[sdk=iphoneos*]" = "iPhone Developer";
				CURRENT_PROJECT_VERSION = 1;
				DEFINES_MODULE = YES;
				DYLIB_COMPATIBILITY_VERSION = 1;
				DYLIB_CURRENT_VERSION = 1;
				DYLIB_INSTALL_NAME_BASE = "@rpath";
				INFOPLIST_FILE = BridgeAppSDK/Info.plist;
				INSTALL_PATH = "$(LOCAL_LIBRARY_DIR)/Frameworks";
				LD_RUNPATH_SEARCH_PATHS = "$(inherited) @executable_path/Frameworks @loader_path/Frameworks";
				PRODUCT_BUNDLE_IDENTIFIER = org.sagebase.BridgeAppSDK;
				SKIP_INSTALL = YES;
				SWIFT_OPTIMIZATION_LEVEL = "-Onone";
				VERSIONING_SYSTEM = "apple-generic";
				VERSION_INFO_PREFIX = "";
			};
			name = Release;
		};
		801040CD1C5A843E00D26E19 /* Debug */ = {
			isa = XCBuildConfiguration;
			buildSettings = {
				CLANG_ENABLE_MODULES = YES;
				INFOPLIST_FILE = BridgeAppSDKTests/Info.plist;
				IPHONEOS_DEPLOYMENT_TARGET = 9.2;
				LD_RUNPATH_SEARCH_PATHS = "$(inherited) @executable_path/Frameworks @loader_path/Frameworks";
				PRODUCT_BUNDLE_IDENTIFIER = org.sagebase.BridgeAppSDKTests;
				SWIFT_OBJC_BRIDGING_HEADER = "BridgeAppSDKTests/BridgeAppSDKTests-Bridging-Header.h";
				SWIFT_OPTIMIZATION_LEVEL = "-Onone";
			};
			name = Debug;
		};
		801040CE1C5A843E00D26E19 /* Release */ = {
			isa = XCBuildConfiguration;
			buildSettings = {
				CLANG_ENABLE_MODULES = YES;
				INFOPLIST_FILE = BridgeAppSDKTests/Info.plist;
				IPHONEOS_DEPLOYMENT_TARGET = 9.2;
				LD_RUNPATH_SEARCH_PATHS = "$(inherited) @executable_path/Frameworks @loader_path/Frameworks";
				PRODUCT_BUNDLE_IDENTIFIER = org.sagebase.BridgeAppSDKTests;
				SWIFT_OBJC_BRIDGING_HEADER = "BridgeAppSDKTests/BridgeAppSDKTests-Bridging-Header.h";
			};
			name = Release;
		};
/* End XCBuildConfiguration section */

/* Begin XCConfigurationList section */
		161479BB1BD6CE8F0099A068 /* Build configuration list for PBXProject "BridgeAppSDK" */ = {
			isa = XCConfigurationList;
			buildConfigurations = (
				161479D01BD6CE8F0099A068 /* Debug */,
				161479D11BD6CE8F0099A068 /* Release */,
			);
			defaultConfigurationIsVisible = 0;
			defaultConfigurationName = Release;
		};
		161479D21BD6CE8F0099A068 /* Build configuration list for PBXNativeTarget "BridgeAppSDKSample" */ = {
			isa = XCConfigurationList;
			buildConfigurations = (
				161479D31BD6CE8F0099A068 /* Debug */,
				161479D41BD6CE8F0099A068 /* Release */,
			);
			defaultConfigurationIsVisible = 0;
			defaultConfigurationName = Release;
		};
		801040C91C5A843E00D26E19 /* Build configuration list for PBXNativeTarget "BridgeAppSDK" */ = {
			isa = XCConfigurationList;
			buildConfigurations = (
				801040CA1C5A843E00D26E19 /* Debug */,
				801040CB1C5A843E00D26E19 /* Release */,
			);
			defaultConfigurationIsVisible = 0;
			defaultConfigurationName = Release;
		};
		801040CC1C5A843E00D26E19 /* Build configuration list for PBXNativeTarget "BridgeAppSDKTests" */ = {
			isa = XCConfigurationList;
			buildConfigurations = (
				801040CD1C5A843E00D26E19 /* Debug */,
				801040CE1C5A843E00D26E19 /* Release */,
			);
			defaultConfigurationIsVisible = 0;
			defaultConfigurationName = Release;
		};
/* End XCConfigurationList section */
	};
	rootObject = 161479B81BD6CE8F0099A068 /* Project object */;
}
